// !$*UTF8*$!
{
	archiveVersion = 1;
	classes = {
	};
	objectVersion = 55;
	objects = {

/* Begin PBXBuildFile section */
		75259D772846087800D56169 /* AppDelegate.swift in Sources */ = {isa = PBXBuildFile; fileRef = 75259D762846087800D56169 /* AppDelegate.swift */; };
		75259D792846087800D56169 /* SceneDelegate.swift in Sources */ = {isa = PBXBuildFile; fileRef = 75259D782846087800D56169 /* SceneDelegate.swift */; };
		75259D7B2846087800D56169 /* ViewController.swift in Sources */ = {isa = PBXBuildFile; fileRef = 75259D7A2846087800D56169 /* ViewController.swift */; };
		75259D802846087B00D56169 /* Assets.xcassets in Resources */ = {isa = PBXBuildFile; fileRef = 75259D7F2846087B00D56169 /* Assets.xcassets */; };
		75259D832846087B00D56169 /* LaunchScreen.storyboard in Resources */ = {isa = PBXBuildFile; fileRef = 75259D812846087B00D56169 /* LaunchScreen.storyboard */; };
		75259D8B284610FB00D56169 /* Holidays.swift in Sources */ = {isa = PBXBuildFile; fileRef = 75259D8A284610FB00D56169 /* Holidays.swift */; };
		75259D8D28464A5200D56169 /* HolidayCell.swift in Sources */ = {isa = PBXBuildFile; fileRef = 75259D8C28464A5200D56169 /* HolidayCell.swift */; };
		753E06F0284F41A10085A555 /* SnapKit in Frameworks */ = {isa = PBXBuildFile; productRef = 753E06EF284F41A10085A555 /* SnapKit */; };
		753E06F2285331710085A555 /* HolidayRequest.swift in Sources */ = {isa = PBXBuildFile; fileRef = 753E06F1285331710085A555 /* HolidayRequest.swift */; };
		753E06F42853483A0085A555 /* HolidayViewController.swift in Sources */ = {isa = PBXBuildFile; fileRef = 753E06F32853483A0085A555 /* HolidayViewController.swift */; };
		753E06F628589B730085A555 /* HttpRequest.swift in Sources */ = {isa = PBXBuildFile; fileRef = 753E06F528589B730085A555 /* HttpRequest.swift */; };
		75F8A45F286078BC00870A79 /* Network.swift in Sources */ = {isa = PBXBuildFile; fileRef = 75F8A45E286078BC00870A79 /* Network.swift */; };
/* End PBXBuildFile section */

/* Begin PBXFileReference section */
		75259D732846087800D56169 /* Holiday.app */ = {isa = PBXFileReference; explicitFileType = wrapper.application; includeInIndex = 0; path = Holiday.app; sourceTree = BUILT_PRODUCTS_DIR; };
		75259D762846087800D56169 /* AppDelegate.swift */ = {isa = PBXFileReference; lastKnownFileType = sourcecode.swift; path = AppDelegate.swift; sourceTree = "<group>"; };
		75259D782846087800D56169 /* SceneDelegate.swift */ = {isa = PBXFileReference; lastKnownFileType = sourcecode.swift; path = SceneDelegate.swift; sourceTree = "<group>"; };
		75259D7A2846087800D56169 /* ViewController.swift */ = {isa = PBXFileReference; lastKnownFileType = sourcecode.swift; path = ViewController.swift; sourceTree = "<group>"; };
		75259D7F2846087B00D56169 /* Assets.xcassets */ = {isa = PBXFileReference; lastKnownFileType = folder.assetcatalog; path = Assets.xcassets; sourceTree = "<group>"; };
		75259D822846087B00D56169 /* Base */ = {isa = PBXFileReference; lastKnownFileType = file.storyboard; name = Base; path = Base.lproj/LaunchScreen.storyboard; sourceTree = "<group>"; };
		75259D842846087B00D56169 /* Info.plist */ = {isa = PBXFileReference; lastKnownFileType = text.plist.xml; path = Info.plist; sourceTree = "<group>"; };
		75259D8A284610FB00D56169 /* Holidays.swift */ = {isa = PBXFileReference; lastKnownFileType = sourcecode.swift; path = Holidays.swift; sourceTree = "<group>"; };
		75259D8C28464A5200D56169 /* HolidayCell.swift */ = {isa = PBXFileReference; lastKnownFileType = sourcecode.swift; path = HolidayCell.swift; sourceTree = "<group>"; };
		753106652859D63C002762C3 /* NewSwift5Features.playground */ = {isa = PBXFileReference; lastKnownFileType = file.playground; path = NewSwift5Features.playground; sourceTree = "<group>"; xcLanguageSpecificationIdentifier = xcode.lang.swift; };
		753E06F1285331710085A555 /* HolidayRequest.swift */ = {isa = PBXFileReference; lastKnownFileType = sourcecode.swift; path = HolidayRequest.swift; sourceTree = "<group>"; };
		753E06F32853483A0085A555 /* HolidayViewController.swift */ = {isa = PBXFileReference; lastKnownFileType = sourcecode.swift; path = HolidayViewController.swift; sourceTree = "<group>"; };
		753E06F528589B730085A555 /* HttpRequest.swift */ = {isa = PBXFileReference; lastKnownFileType = sourcecode.swift; path = HttpRequest.swift; sourceTree = "<group>"; };
		75F8A45E286078BC00870A79 /* Network.swift */ = {isa = PBXFileReference; lastKnownFileType = sourcecode.swift; path = Network.swift; sourceTree = "<group>"; };
/* End PBXFileReference section */

/* Begin PBXFrameworksBuildPhase section */
		75259D702846087800D56169 /* Frameworks */ = {
			isa = PBXFrameworksBuildPhase;
			buildActionMask = 2147483647;
			files = (
				753E06F0284F41A10085A555 /* SnapKit in Frameworks */,
			);
			runOnlyForDeploymentPostprocessing = 0;
		};
/* End PBXFrameworksBuildPhase section */

/* Begin PBXGroup section */
		75259D6A2846087800D56169 = {
			isa = PBXGroup;
			children = (
				75259D752846087800D56169 /* Holiday */,
				75259D742846087800D56169 /* Products */,
			);
			sourceTree = "<group>";
		};
		75259D742846087800D56169 /* Products */ = {
			isa = PBXGroup;
			children = (
				75259D732846087800D56169 /* Holiday.app */,
			);
			name = Products;
			sourceTree = "<group>";
		};
		75259D752846087800D56169 /* Holiday */ = {
			isa = PBXGroup;
			children = (
				75259D762846087800D56169 /* AppDelegate.swift */,
				75259D782846087800D56169 /* SceneDelegate.swift */,
				75259D7A2846087800D56169 /* ViewController.swift */,
				753E06F32853483A0085A555 /* HolidayViewController.swift */,
				75259D8C28464A5200D56169 /* HolidayCell.swift */,
				75259D8A284610FB00D56169 /* Holidays.swift */,
				75F8A4602860838100870A79 /* HTTP */,
				753106652859D63C002762C3 /* NewSwift5Features.playground */,
				75259D7F2846087B00D56169 /* Assets.xcassets */,
				75259D812846087B00D56169 /* LaunchScreen.storyboard */,
				75259D842846087B00D56169 /* Info.plist */,
			);
			path = Holiday;
			sourceTree = "<group>";
		};
		75F8A4602860838100870A79 /* HTTP */ = {
			isa = PBXGroup;
			children = (
				753E06F1285331710085A555 /* HolidayRequest.swift */,
				753E06F528589B730085A555 /* HttpRequest.swift */,
				75F8A45E286078BC00870A79 /* Network.swift */,
			);
			path = HTTP;
			sourceTree = "<group>";
		};
/* End PBXGroup section */

/* Begin PBXNativeTarget section */
		75259D722846087800D56169 /* Holiday */ = {
			isa = PBXNativeTarget;
			buildConfigurationList = 75259D872846087B00D56169 /* Build configuration list for PBXNativeTarget "Holiday" */;
			buildPhases = (
				75259D6F2846087800D56169 /* Sources */,
				75259D702846087800D56169 /* Frameworks */,
				75259D712846087800D56169 /* Resources */,
			);
			buildRules = (
			);
			dependencies = (
			);
			name = Holiday;
			packageProductDependencies = (
				753E06EF284F41A10085A555 /* SnapKit */,
			);
			productName = Holiday;
			productReference = 75259D732846087800D56169 /* Holiday.app */;
			productType = "com.apple.product-type.application";
		};
/* End PBXNativeTarget section */

/* Begin PBXProject section */
		75259D6B2846087800D56169 /* Project object */ = {
			isa = PBXProject;
			attributes = {
				BuildIndependentTargetsInParallel = 1;
				LastSwiftUpdateCheck = 1340;
				LastUpgradeCheck = 1340;
				TargetAttributes = {
					75259D722846087800D56169 = {
						CreatedOnToolsVersion = 13.4;
					};
				};
			};
			buildConfigurationList = 75259D6E2846087800D56169 /* Build configuration list for PBXProject "Holiday" */;
			compatibilityVersion = "Xcode 13.0";
			developmentRegion = en;
			hasScannedForEncodings = 0;
			knownRegions = (
				en,
				Base,
			);
			mainGroup = 75259D6A2846087800D56169;
			packageReferences = (
				753E06EE284F41A10085A555 /* XCRemoteSwiftPackageReference "SnapKit" */,
			);
			productRefGroup = 75259D742846087800D56169 /* Products */;
			projectDirPath = "";
			projectRoot = "";
			targets = (
				75259D722846087800D56169 /* Holiday */,
			);
		};
/* End PBXProject section */

/* Begin PBXResourcesBuildPhase section */
		75259D712846087800D56169 /* Resources */ = {
			isa = PBXResourcesBuildPhase;
			buildActionMask = 2147483647;
			files = (
				75259D832846087B00D56169 /* LaunchScreen.storyboard in Resources */,
				75259D802846087B00D56169 /* Assets.xcassets in Resources */,
			);
			runOnlyForDeploymentPostprocessing = 0;
		};
/* End PBXResourcesBuildPhase section */

/* Begin PBXSourcesBuildPhase section */
		75259D6F2846087800D56169 /* Sources */ = {
			isa = PBXSourcesBuildPhase;
			buildActionMask = 2147483647;
			files = (
				753E06F2285331710085A555 /* HolidayRequest.swift in Sources */,
				753E06F42853483A0085A555 /* HolidayViewController.swift in Sources */,
				753E06F628589B730085A555 /* HttpRequest.swift in Sources */,
				75259D7B2846087800D56169 /* ViewController.swift in Sources */,
				75259D772846087800D56169 /* AppDelegate.swift in Sources */,
				75F8A45F286078BC00870A79 /* Network.swift in Sources */,
				75259D8B284610FB00D56169 /* Holidays.swift in Sources */,
				75259D792846087800D56169 /* SceneDelegate.swift in Sources */,
				75259D8D28464A5200D56169 /* HolidayCell.swift in Sources */,
			);
			runOnlyForDeploymentPostprocessing = 0;
		};
/* End PBXSourcesBuildPhase section */

/* Begin PBXVariantGroup section */
		75259D812846087B00D56169 /* LaunchScreen.storyboard */ = {
			isa = PBXVariantGroup;
			children = (
				75259D822846087B00D56169 /* Base */,
			);
			name = LaunchScreen.storyboard;
			sourceTree = "<group>";
		};
/* End PBXVariantGroup section */

/* Begin XCBuildConfiguration section */
		75259D852846087B00D56169 /* Debug */ = {
			isa = XCBuildConfiguration;
			buildSettings = {
				ALWAYS_SEARCH_USER_PATHS = NO;
				CLANG_ANALYZER_NONNULL = YES;
				CLANG_ANALYZER_NUMBER_OBJECT_CONVERSION = YES_AGGRESSIVE;
				CLANG_CXX_LANGUAGE_STANDARD = "gnu++17";
				CLANG_ENABLE_MODULES = YES;
				CLANG_ENABLE_OBJC_ARC = YES;
				CLANG_ENABLE_OBJC_WEAK = YES;
				CLANG_WARN_BLOCK_CAPTURE_AUTORELEASING = YES;
				CLANG_WARN_BOOL_CONVERSION = YES;
				CLANG_WARN_COMMA = YES;
				CLANG_WARN_CONSTANT_CONVERSION = YES;
				CLANG_WARN_DEPRECATED_OBJC_IMPLEMENTATIONS = YES;
				CLANG_WARN_DIRECT_OBJC_ISA_USAGE = YES_ERROR;
				CLANG_WARN_DOCUMENTATION_COMMENTS = YES;
				CLANG_WARN_EMPTY_BODY = YES;
				CLANG_WARN_ENUM_CONVERSION = YES;
				CLANG_WARN_INFINITE_RECURSION = YES;
				CLANG_WARN_INT_CONVERSION = YES;
				CLANG_WARN_NON_LITERAL_NULL_CONVERSION = YES;
				CLANG_WARN_OBJC_IMPLICIT_RETAIN_SELF = YES;
				CLANG_WARN_OBJC_LITERAL_CONVERSION = YES;
				CLANG_WARN_OBJC_ROOT_CLASS = YES_ERROR;
				CLANG_WARN_QUOTED_INCLUDE_IN_FRAMEWORK_HEADER = YES;
				CLANG_WARN_RANGE_LOOP_ANALYSIS = YES;
				CLANG_WARN_STRICT_PROTOTYPES = YES;
				CLANG_WARN_SUSPICIOUS_MOVE = YES;
				CLANG_WARN_UNGUARDED_AVAILABILITY = YES_AGGRESSIVE;
				CLANG_WARN_UNREACHABLE_CODE = YES;
				CLANG_WARN__DUPLICATE_METHOD_MATCH = YES;
				COPY_PHASE_STRIP = NO;
				DEBUG_INFORMATION_FORMAT = dwarf;
				ENABLE_STRICT_OBJC_MSGSEND = YES;
				ENABLE_TESTABILITY = YES;
				GCC_C_LANGUAGE_STANDARD = gnu11;
				GCC_DYNAMIC_NO_PIC = NO;
				GCC_NO_COMMON_BLOCKS = YES;
				GCC_OPTIMIZATION_LEVEL = 0;
				GCC_PREPROCESSOR_DEFINITIONS = (
					"DEBUG=1",
					"$(inherited)",
				);
				GCC_WARN_64_TO_32_BIT_CONVERSION = YES;
				GCC_WARN_ABOUT_RETURN_TYPE = YES_ERROR;
				GCC_WARN_UNDECLARED_SELECTOR = YES;
				GCC_WARN_UNINITIALIZED_AUTOS = YES_AGGRESSIVE;
				GCC_WARN_UNUSED_FUNCTION = YES;
				GCC_WARN_UNUSED_VARIABLE = YES;
				IPHONEOS_DEPLOYMENT_TARGET = 15.5;
				MTL_ENABLE_DEBUG_INFO = INCLUDE_SOURCE;
				MTL_FAST_MATH = YES;
				ONLY_ACTIVE_ARCH = YES;
				SDKROOT = iphoneos;
				SWIFT_ACTIVE_COMPILATION_CONDITIONS = DEBUG;
				SWIFT_OPTIMIZATION_LEVEL = "-Onone";
			};
			name = Debug;
		};
		75259D862846087B00D56169 /* Release */ = {
			isa = XCBuildConfiguration;
			buildSettings = {
				ALWAYS_SEARCH_USER_PATHS = NO;
				CLANG_ANALYZER_NONNULL = YES;
				CLANG_ANALYZER_NUMBER_OBJECT_CONVERSION = YES_AGGRESSIVE;
				CLANG_CXX_LANGUAGE_STANDARD = "gnu++17";
				CLANG_ENABLE_MODULES = YES;
				CLANG_ENABLE_OBJC_ARC = YES;
				CLANG_ENABLE_OBJC_WEAK = YES;
				CLANG_WARN_BLOCK_CAPTURE_AUTORELEASING = YES;
				CLANG_WARN_BOOL_CONVERSION = YES;
				CLANG_WARN_COMMA = YES;
				CLANG_WARN_CONSTANT_CONVERSION = YES;
				CLANG_WARN_DEPRECATED_OBJC_IMPLEMENTATIONS = YES;
				CLANG_WARN_DIRECT_OBJC_ISA_USAGE = YES_ERROR;
				CLANG_WARN_DOCUMENTATION_COMMENTS = YES;
				CLANG_WARN_EMPTY_BODY = YES;
				CLANG_WARN_ENUM_CONVERSION = YES;
				CLANG_WARN_INFINITE_RECURSION = YES;
				CLANG_WARN_INT_CONVERSION = YES;
				CLANG_WARN_NON_LITERAL_NULL_CONVERSION = YES;
				CLANG_WARN_OBJC_IMPLICIT_RETAIN_SELF = YES;
				CLANG_WARN_OBJC_LITERAL_CONVERSION = YES;
				CLANG_WARN_OBJC_ROOT_CLASS = YES_ERROR;
				CLANG_WARN_QUOTED_INCLUDE_IN_FRAMEWORK_HEADER = YES;
				CLANG_WARN_RANGE_LOOP_ANALYSIS = YES;
				CLANG_WARN_STRICT_PROTOTYPES = YES;
				CLANG_WARN_SUSPICIOUS_MOVE = YES;
				CLANG_WARN_UNGUARDED_AVAILABILITY = YES_AGGRESSIVE;
				CLANG_WARN_UNREACHABLE_CODE = YES;
				CLANG_WARN__DUPLICATE_METHOD_MATCH = YES;
				COPY_PHASE_STRIP = NO;
				DEBUG_INFORMATION_FORMAT = "dwarf-with-dsym";
				ENABLE_NS_ASSERTIONS = NO;
				ENABLE_STRICT_OBJC_MSGSEND = YES;
				GCC_C_LANGUAGE_STANDARD = gnu11;
				GCC_NO_COMMON_BLOCKS = YES;
				GCC_WARN_64_TO_32_BIT_CONVERSION = YES;
				GCC_WARN_ABOUT_RETURN_TYPE = YES_ERROR;
				GCC_WARN_UNDECLARED_SELECTOR = YES;
				GCC_WARN_UNINITIALIZED_AUTOS = YES_AGGRESSIVE;
				GCC_WARN_UNUSED_FUNCTION = YES;
				GCC_WARN_UNUSED_VARIABLE = YES;
				IPHONEOS_DEPLOYMENT_TARGET = 15.5;
				MTL_ENABLE_DEBUG_INFO = NO;
				MTL_FAST_MATH = YES;
				SDKROOT = iphoneos;
				SWIFT_COMPILATION_MODE = wholemodule;
				SWIFT_OPTIMIZATION_LEVEL = "-O";
				VALIDATE_PRODUCT = YES;
			};
			name = Release;
		};
		75259D882846087B00D56169 /* Debug */ = {
			isa = XCBuildConfiguration;
			buildSettings = {
				ASSETCATALOG_COMPILER_APPICON_NAME = AppIcon;
				ASSETCATALOG_COMPILER_GLOBAL_ACCENT_COLOR_NAME = AccentColor;
				CODE_SIGN_STYLE = Automatic;
				CURRENT_PROJECT_VERSION = 1;
				DEVELOPMENT_TEAM = 4LUT225J2B;
				GENERATE_INFOPLIST_FILE = YES;
				INFOPLIST_FILE = Holiday/Info.plist;
				INFOPLIST_KEY_UIApplicationSupportsIndirectInputEvents = YES;
				INFOPLIST_KEY_UILaunchStoryboardName = LaunchScreen;
				INFOPLIST_KEY_UISupportedInterfaceOrientations_iPad = "UIInterfaceOrientationPortrait UIInterfaceOrientationPortraitUpsideDown UIInterfaceOrientationLandscapeLeft UIInterfaceOrientationLandscapeRight";
				INFOPLIST_KEY_UISupportedInterfaceOrientations_iPhone = "UIInterfaceOrientationPortrait UIInterfaceOrientationLandscapeLeft UIInterfaceOrientationLandscapeRight";
				LD_RUNPATH_SEARCH_PATHS = (
					"$(inherited)",
					"@executable_path/Frameworks",
				);
				MARKETING_VERSION = 1.0;
				PRODUCT_BUNDLE_IDENTIFIER = com.linya.Holiday;
				PRODUCT_NAME = "$(TARGET_NAME)";
				SWIFT_EMIT_LOC_STRINGS = YES;
				SWIFT_VERSION = 5.0;
				TARGETED_DEVICE_FAMILY = "1,2";
			};
			name = Debug;
		};
		75259D892846087B00D56169 /* Release */ = {
			isa = XCBuildConfiguration;
			buildSettings = {
				ASSETCATALOG_COMPILER_APPICON_NAME = AppIcon;
				ASSETCATALOG_COMPILER_GLOBAL_ACCENT_COLOR_NAME = AccentColor;
				CODE_SIGN_STYLE = Automatic;
				CURRENT_PROJECT_VERSION = 1;
				DEVELOPMENT_TEAM = 4LUT225J2B;
				GENERATE_INFOPLIST_FILE = YES;
				INFOPLIST_FILE = Holiday/Info.plist;
				INFOPLIST_KEY_UIApplicationSupportsIndirectInputEvents = YES;
				INFOPLIST_KEY_UILaunchStoryboardName = LaunchScreen;
				INFOPLIST_KEY_UISupportedInterfaceOrientations_iPad = "UIInterfaceOrientationPortrait UIInterfaceOrientationPortraitUpsideDown UIInterfaceOrientationLandscapeLeft UIInterfaceOrientationLandscapeRight";
				INFOPLIST_KEY_UISupportedInterfaceOrientations_iPhone = "UIInterfaceOrientationPortrait UIInterfaceOrientationLandscapeLeft UIInterfaceOrientationLandscapeRight";
				LD_RUNPATH_SEARCH_PATHS = (
					"$(inherited)",
					"@executable_path/Frameworks",
				);
				MARKETING_VERSION = 1.0;
				PRODUCT_BUNDLE_IDENTIFIER = com.linya.Holiday;
				PRODUCT_NAME = "$(TARGET_NAME)";
				SWIFT_EMIT_LOC_STRINGS = YES;
				SWIFT_VERSION = 5.0;
				TARGETED_DEVICE_FAMILY = "1,2";
			};
			name = Release;
		};
/* End XCBuildConfiguration section */

/* Begin XCConfigurationList section */
		75259D6E2846087800D56169 /* Build configuration list for PBXProject "Holiday" */ = {
			isa = XCConfigurationList;
			buildConfigurations = (
				75259D852846087B00D56169 /* Debug */,
				75259D862846087B00D56169 /* Release */,
			);
			defaultConfigurationIsVisible = 0;
			defaultConfigurationName = Release;
		};
		75259D872846087B00D56169 /* Build configuration list for PBXNativeTarget "Holiday" */ = {
			isa = XCConfigurationList;
			buildConfigurations = (
				75259D882846087B00D56169 /* Debug */,
				75259D892846087B00D56169 /* Release */,
			);
			defaultConfigurationIsVisible = 0;
			defaultConfigurationName = Release;
		};
/* End XCConfigurationList section */

/* Begin XCRemoteSwiftPackageReference section */
		753E06EE284F41A10085A555 /* XCRemoteSwiftPackageReference "SnapKit" */ = {
			isa = XCRemoteSwiftPackageReference;
			repositoryURL = "https://github.com/SnapKit/SnapKit.git";
			requirement = {
				kind = upToNextMajorVersion;
				minimumVersion = 5.0.0;
			};
		};
/* End XCRemoteSwiftPackageReference section */

/* Begin XCSwiftPackageProductDependency section */
		753E06EF284F41A10085A555 /* SnapKit */ = {
			isa = XCSwiftPackageProductDependency;
			package = 753E06EE284F41A10085A555 /* XCRemoteSwiftPackageReference "SnapKit" */;
			productName = SnapKit;
		};
/* End XCSwiftPackageProductDependency section */
	};
	rootObject = 75259D6B2846087800D56169 /* Project object */;
}
